{
  "nodes": {
    "auto-pandoc-nvim": {
      "flake": false,
      "locked": {
        "lastModified": 1731247329,
        "narHash": "sha256-VZV9xjq6S9M9eSCDE2nV8fv6kJsC4otYJ7ZGuZwpaXw=",
        "owner": "jghauser",
        "repo": "auto-pandoc.nvim",
        "rev": "11d007dcab1dd4587bfca175e18b6017ff4ad1dc",
        "type": "github"
      },
      "original": {
        "owner": "jghauser",
        "repo": "auto-pandoc.nvim",
        "type": "github"
      }
    },
    "blink-cmp-dictionary": {
      "flake": false,
      "locked": {
        "lastModified": 1736668846,
        "narHash": "sha256-c3q3OXEky1P8ygZJjgNcd8yKZkSYEp9fYUVcaakLhJ0=",
        "owner": "Kaiser-Yang",
        "repo": "blink-cmp-dictionary",
        "rev": "07cc2e49bb52ebff4e8b83d1801ad6441edf90a2",
        "type": "github"
      },
      "original": {
        "owner": "Kaiser-Yang",
        "repo": "blink-cmp-dictionary",
        "type": "github"
      }
    },
    "flake-compat": {
      "flake": false,
      "locked": {
        "lastModified": 1733328505,
        "narHash": "sha256-NeCCThCEP3eCl2l/+27kNNK7QrwZB1IJCrXfrbv5oqU=",
        "owner": "edolstra",
        "repo": "flake-compat",
        "rev": "ff81ac966bb2cae68946d5ed5fc4994f96d0ffec",
        "type": "github"
      },
      "original": {
        "owner": "edolstra",
        "repo": "flake-compat",
        "type": "github"
      }
    },
    "flake-compat_2": {
      "flake": false,
      "locked": {
        "lastModified": 1696426674,
        "narHash": "sha256-kvjfFW7WAETZlt09AgDn1MrtKzP7t90Vf7vypd3OL1U=",
        "owner": "edolstra",
        "repo": "flake-compat",
        "rev": "0f9255e01c2351cc7d116c072cb317785dd33b33",
        "type": "github"
      },
      "original": {
        "owner": "edolstra",
        "repo": "flake-compat",
        "type": "github"
      }
    },
    "flake-parts": {
      "inputs": {
        "nixpkgs-lib": [
          "nixpkgs"
        ]
      },
      "locked": {
        "lastModified": 1736143030,
        "narHash": "sha256-+hu54pAoLDEZT9pjHlqL9DNzWz0NbUn8NEAHP7PQPzU=",
        "owner": "hercules-ci",
        "repo": "flake-parts",
        "rev": "b905f6fc23a9051a6e1b741e1438dbfc0634c6de",
        "type": "github"
      },
      "original": {
        "owner": "hercules-ci",
        "repo": "flake-parts",
        "type": "github"
      }
    },
    "flake-parts_2": {
      "inputs": {
        "nixpkgs-lib": [
          "neovim-nightly-overlay",
          "nixpkgs"
        ]
      },
      "locked": {
        "lastModified": 1736143030,
        "narHash": "sha256-+hu54pAoLDEZT9pjHlqL9DNzWz0NbUn8NEAHP7PQPzU=",
        "owner": "hercules-ci",
        "repo": "flake-parts",
        "rev": "b905f6fc23a9051a6e1b741e1438dbfc0634c6de",
        "type": "github"
      },
      "original": {
        "owner": "hercules-ci",
        "repo": "flake-parts",
        "type": "github"
      }
    },
    "flake-parts_3": {
      "inputs": {
        "nixpkgs-lib": [
          "neovim-nightly-overlay",
          "hercules-ci-effects",
          "nixpkgs"
        ]
      },
      "locked": {
        "lastModified": 1733312601,
        "narHash": "sha256-4pDvzqnegAfRkPwO3wmwBhVi/Sye1mzps0zHWYnP88c=",
        "owner": "hercules-ci",
        "repo": "flake-parts",
        "rev": "205b12d8b7cd4802fbcb8e8ef6a0f1408781a4f9",
        "type": "github"
      },
      "original": {
        "id": "flake-parts",
        "type": "indirect"
      }
    },
    "fsread-nvim": {
      "flake": false,
      "locked": {
        "lastModified": 1676854047,
        "narHash": "sha256-CsyBn8iAx5m1rhHW+HfbUSbtyTCaSG6/mgyrh+5KOqo=",
        "owner": "nullchilly",
        "repo": "fsread.nvim",
        "rev": "a637bf048f733def7c5c46f5bf482f93a8311b29",
        "type": "github"
      },
      "original": {
        "owner": "nullchilly",
        "repo": "fsread.nvim",
        "type": "github"
      }
    },
    "git-blame-nvim": {
      "flake": false,
      "locked": {
        "lastModified": 1727177890,
        "narHash": "sha256-mFzm0hkO0iei3yekOXrQpeCJimwzBLgXLZtK1DjjoE4=",
        "owner": "f-person",
        "repo": "git-blame.nvim",
        "rev": "2883a7460f611c2705b23f12d58d398d5ce6ec00",
        "type": "github"
      },
      "original": {
        "owner": "f-person",
        "repo": "git-blame.nvim",
        "type": "github"
      }
    },
    "git-hooks": {
      "inputs": {
        "flake-compat": "flake-compat_2",
        "gitignore": "gitignore",
        "nixpkgs": [
          "neovim-nightly-overlay",
          "nixpkgs"
        ]
      },
      "locked": {
        "lastModified": 1735882644,
        "narHash": "sha256-3FZAG+pGt3OElQjesCAWeMkQ7C/nB1oTHLRQ8ceP110=",
        "owner": "cachix",
        "repo": "git-hooks.nix",
        "rev": "a5a961387e75ae44cc20f0a57ae463da5e959656",
        "type": "github"
      },
      "original": {
        "owner": "cachix",
        "repo": "git-hooks.nix",
        "type": "github"
      }
    },
    "gitignore": {
      "inputs": {
        "nixpkgs": [
          "neovim-nightly-overlay",
          "git-hooks",
          "nixpkgs"
        ]
      },
      "locked": {
        "lastModified": 1709087332,
        "narHash": "sha256-HG2cCnktfHsKV0s4XW83gU3F57gaTljL9KNSuG6bnQs=",
        "owner": "hercules-ci",
        "repo": "gitignore.nix",
        "rev": "637db329424fd7e46cf4185293b9cc8c88c95394",
        "type": "github"
      },
      "original": {
        "owner": "hercules-ci",
        "repo": "gitignore.nix",
        "type": "github"
      }
    },
    "hand-side-fix-nvim": {
      "flake": false,
      "locked": {
        "lastModified": 1711572601,
        "narHash": "sha256-AgWeXs2t1xH74h7Ux4N+lC5r+Qt/hlv4H+jnPyGXsiQ=",
        "owner": "arminfro",
        "repo": "hand-side-fix.nvim",
        "rev": "11d64cc1a379a517d713a55f72f262b102c1fbb8",
        "type": "github"
      },
      "original": {
        "owner": "arminfro",
        "repo": "hand-side-fix.nvim",
        "type": "github"
      }
    },
    "hercules-ci-effects": {
      "inputs": {
        "flake-parts": "flake-parts_3",
        "nixpkgs": [
          "neovim-nightly-overlay",
          "nixpkgs"
        ]
      },
      "locked": {
        "lastModified": 1735695978,
        "narHash": "sha256-cwk53OX1S1bCFY09zydubZNmmwcx9l5XEba8mVYuNE4=",
        "owner": "hercules-ci",
        "repo": "hercules-ci-effects",
        "rev": "f6233b5cfbada692d93a73d6ed35bdbfd0fdb9c4",
        "type": "github"
      },
      "original": {
        "owner": "hercules-ci",
        "repo": "hercules-ci-effects",
        "type": "github"
      }
    },
    "hl_match_area-nvim": {
      "flake": false,
      "locked": {
        "lastModified": 1695030149,
        "narHash": "sha256-eOoG8EiVgvgnn3nluVNfYADUzXwsEYrh2ziaPnEcN/o=",
        "owner": "rareitems",
        "repo": "hl_match_area.nvim",
        "rev": "e2be159f47b036e2a8fa91549ff09110acc1856e",
        "type": "github"
      },
      "original": {
        "owner": "rareitems",
        "repo": "hl_match_area.nvim",
        "type": "github"
      }
    },
    "jsonpath-nvim": {
      "flake": false,
      "locked": {
        "lastModified": 1722891725,
        "narHash": "sha256-7mTeHTXX75iQOL5dZw+HqIZtTRE3dPAddqv1Sg0wsRQ=",
        "owner": "phelipetls",
        "repo": "jsonpath.nvim",
        "rev": "2d889eb9c39893e030e902b854122a1615c042ea",
        "type": "github"
      },
      "original": {
        "owner": "phelipetls",
        "repo": "jsonpath.nvim",
        "type": "github"
      }
    },
    "lualine-diagnostic-message": {
      "flake": false,
      "locked": {
        "lastModified": 1732649728,
        "narHash": "sha256-ftxR1TCbN8dvGyD0hrWaYm1O/J7IUkbw3RSL99bGC1k=",
        "owner": "Isrothy",
        "repo": "lualine-diagnostic-message",
        "rev": "e8244c4d1f088e21bb05021f164ed903093b168b",
        "type": "github"
      },
      "original": {
        "owner": "Isrothy",
        "repo": "lualine-diagnostic-message",
        "type": "github"
      }
    },
    "lualine-so-fancy-nvim": {
      "flake": false,
      "locked": {
        "lastModified": 1736448743,
        "narHash": "sha256-Ctdt8kCG+4ynpfEHpvUhFQpbhcaLg0hoPX+yPkUQGS0=",
        "owner": "meuter",
        "repo": "lualine-so-fancy.nvim",
        "rev": "6ba7b138f2ca435673eb04c2cf85f0757df69b07",
        "type": "github"
      },
      "original": {
        "owner": "meuter",
        "repo": "lualine-so-fancy.nvim",
        "type": "github"
      }
    },
    "lualine-spell-status": {
      "flake": false,
      "locked": {
        "lastModified": 1657233995,
        "narHash": "sha256-TVzKHUmlJZVg6JKai6NQUYSiVLrUP1jcsNlQZNW5lBE=",
        "owner": "sherlock5512",
        "repo": "lualine-spell-status",
        "rev": "aa81c2c9a71e3ed3552c6cd75e150414ff9ac664",
        "type": "github"
      },
      "original": {
        "owner": "sherlock5512",
        "repo": "lualine-spell-status",
        "type": "github"
      }
    },
    "markdowny-nvim": {
      "flake": false,
      "locked": {
        "lastModified": 1721349116,
        "narHash": "sha256-87CJ/yrtII9fBH8PEejFTegQL3iGnYtUCGOMkLDJwyc=",
        "owner": "antonk52",
        "repo": "markdowny.nvim",
        "rev": "8ff18e8677cf39821913f387697378fcf3e141a0",
        "type": "github"
      },
      "original": {
        "owner": "antonk52",
        "repo": "markdowny.nvim",
        "type": "github"
      }
    },
    "mdeval-nvim": {
      "flake": false,
      "locked": {
        "lastModified": 1732965837,
        "narHash": "sha256-IMm78SbuFfuBsBtbKQqrT/zy1/uAkvdFRhNKFeGCzos=",
        "owner": "jubnzv",
        "repo": "mdeval.nvim",
        "rev": "0e1b248db174a9659a9ab16eb8c90ff3aec55264",
        "type": "github"
      },
      "original": {
        "owner": "jubnzv",
        "repo": "mdeval.nvim",
        "type": "github"
      }
    },
    "mistake-nvim": {
      "flake": false,
      "locked": {
        "lastModified": 1736992023,
        "narHash": "sha256-ca6FvqU4F/0z1+Wi4FpMLHqHUKG+McXrPCzZ0XZtfd8=",
        "owner": "ck-zhang",
        "repo": "mistake.nvim",
        "rev": "857d7dc3816ceda3b359a11d831c5eb3c7b94b3a",
        "type": "github"
      },
      "original": {
        "owner": "ck-zhang",
        "repo": "mistake.nvim",
        "type": "github"
      }
    },
    "neovim-nightly-overlay": {
      "inputs": {
        "flake-compat": "flake-compat",
        "flake-parts": "flake-parts_2",
        "git-hooks": "git-hooks",
        "hercules-ci-effects": "hercules-ci-effects",
        "neovim-src": "neovim-src",
        "nixpkgs": "nixpkgs",
        "treefmt-nix": "treefmt-nix"
      },
      "locked": {
        "lastModified": 1736753650,
        "narHash": "sha256-qSbPnZ2utGL39UD6lKi+K/7sWyZVl/kGZfOoy+xJEjA=",
        "owner": "nix-community",
        "repo": "neovim-nightly-overlay",
        "rev": "9e2c41b7c12adc3ca17b1b50589f5234bcc0bbac",
        "type": "github"
      },
      "original": {
        "owner": "nix-community",
        "repo": "neovim-nightly-overlay",
        "type": "github"
      }
    },
    "neovim-src": {
      "flake": false,
      "locked": {
        "lastModified": 1736752727,
        "narHash": "sha256-sFD18EfXyQrN51ru6uzCt20C3DT4qBipJ1PbP9hnw80=",
        "owner": "neovim",
        "repo": "neovim",
        "rev": "2c16c849986794682a4776ff4ec100d00eeba5ca",
        "type": "github"
      },
      "original": {
        "owner": "neovim",
        "repo": "neovim",
        "type": "github"
      }
    },
    "nixpkgs": {
      "locked": {
        "lastModified": 1736657626,
        "narHash": "sha256-FWlPMUzp0lkQBdhKlPqtQdqmp+/C+1MBiEytaYfrCTY=",
        "owner": "NixOS",
        "repo": "nixpkgs",
        "rev": "2f9e2f85cb14a46410a1399aa9ea7ecf433e422e",
        "type": "github"
      },
      "original": {
        "owner": "NixOS",
        "ref": "nixpkgs-unstable",
        "repo": "nixpkgs",
        "type": "github"
      }
    },
    "nixpkgs_2": {
      "locked": {
        "lastModified": 1736701207,
        "narHash": "sha256-jG/+MvjVY7SlTakzZ2fJ5dC3V1PrKKrUEOEE30jrOKA=",
        "owner": "NixOS",
        "repo": "nixpkgs",
        "rev": "ed4a395ea001367c1f13d34b1e01aa10290f67d6",
        "type": "github"
      },
      "original": {
        "owner": "NixOS",
        "ref": "nixos-unstable",
        "repo": "nixpkgs",
        "type": "github"
      }
    },
    "nvim-devdocs": {
      "flake": false,
      "locked": {
        "lastModified": 1712843813,
        "narHash": "sha256-NvxsUAl+FKrT60xmrVBh/EVLuWrGaLWWwFsWYrr7QKc=",
        "owner": "luckasRanarison",
        "repo": "nvim-devdocs",
        "rev": "1ab982d3e069d191d9157b897c8b70cf48b7f77a",
        "type": "github"
      },
      "original": {
        "owner": "luckasRanarison",
        "repo": "nvim-devdocs",
        "type": "github"
      }
    },
    "nvim-dr-lsp": {
      "flake": false,
      "locked": {
        "lastModified": 1735559781,
        "narHash": "sha256-c5cDqUHgT5QAEV4hXJMfiALZdzp46nrfcKiPmWWwHoQ=",
        "owner": "chrisgrieser",
        "repo": "nvim-dr-lsp",
        "rev": "162c915eaf61d40ca1b4eec079037f42e9fdefcf",
        "type": "github"
      },
      "original": {
        "owner": "chrisgrieser",
        "repo": "nvim-dr-lsp",
        "type": "github"
      }
    },
    "nvim-fundo": {
      "flake": false,
      "locked": {
        "lastModified": 1715880105,
        "narHash": "sha256-+YOLS6YqxAp5hBCzLrqUJ1aM/KTnWsmAhw6zRpK3HWk=",
        "owner": "kevinhwang91",
        "repo": "nvim-fundo",
        "rev": "ac9c9372c4bf677721e24f144ef29d3a05c2b589",
        "type": "github"
      },
      "original": {
        "owner": "kevinhwang91",
        "repo": "nvim-fundo",
        "type": "github"
      }
    },
    "nvim-origami": {
      "flake": false,
      "locked": {
        "lastModified": 1735574716,
        "narHash": "sha256-aKm82zyRdef/CBKO5GzUEy18CyNBCwVQ2GplQFW7fgY=",
        "owner": "chrisgrieser",
        "repo": "nvim-origami",
        "rev": "d46d552ffe117739e4a7ce4207966c163db96ea0",
        "type": "github"
      },
      "original": {
        "owner": "chrisgrieser",
        "repo": "nvim-origami",
        "type": "github"
      }
    },
    "nvim-scissors": {
      "flake": false,
      "locked": {
        "lastModified": 1736681315,
        "narHash": "sha256-myCMr+9VUA+kFqoVeZsxoL6lHTM5j4oVY0Z3FvPwfmQ=",
        "owner": "chrisgrieser",
        "repo": "nvim-scissors",
        "rev": "12d9f282b67525bb766c6fe33317caf25a19c86a",
        "type": "github"
      },
      "original": {
        "owner": "chrisgrieser",
        "repo": "nvim-scissors",
        "type": "github"
      }
    },
    "nvim-tinygit": {
      "flake": false,
      "locked": {
        "lastModified": 1736681648,
        "narHash": "sha256-BM3dqN0IT1uqaOgaqSPwr8TuDEQQS4XsAC0DKvrNDJM=",
        "owner": "chrisgrieser",
        "repo": "nvim-tinygit",
        "rev": "d0cbd1fd1736d3cf1638eda1d008e7d6d0d842e6",
        "type": "github"
      },
      "original": {
        "owner": "chrisgrieser",
        "repo": "nvim-tinygit",
        "type": "github"
      }
    },
    "nvim-toc": {
      "flake": false,
      "locked": {
        "lastModified": 1704382490,
        "narHash": "sha256-u5TUldGf+gadUcUewRjIPgpOozMNbDiZSm6VZufG4ZM=",
        "owner": "richardbizik",
        "repo": "nvim-toc",
        "rev": "afc27debc800129c50c5b870846ce1a5c9ce4479",
        "type": "github"
      },
      "original": {
        "owner": "richardbizik",
        "repo": "nvim-toc",
        "type": "github"
      }
    },
    "nvim-window": {
      "flake": false,
      "locked": {
        "lastModified": 1730733983,
        "narHash": "sha256-hXKvz2WnXm+Sf3+rHj575yrkjJX2irhhu/AxEPtjKrg=",
        "owner": "yorickpeterse",
        "repo": "nvim-window",
        "rev": "d85cbffc5e5b6b6cc2926ef69a8f9fa2b28cef56",
        "type": "github"
      },
      "original": {
        "owner": "yorickpeterse",
        "repo": "nvim-window",
        "type": "github"
      }
    },
    "promise-async": {
      "flake": false,
      "locked": {
        "lastModified": 1722813441,
        "narHash": "sha256-9eM66brPjiFlY64vmBetRYrKnpDyN7+/URMm4GsGimA=",
        "owner": "kevinhwang91",
        "repo": "promise-async",
        "rev": "119e8961014c9bfaf1487bf3c2a393d254f337e2",
        "type": "github"
      },
      "original": {
        "owner": "kevinhwang91",
        "repo": "promise-async",
        "type": "github"
      }
    },
    "root": {
      "inputs": {
        "auto-pandoc-nvim": "auto-pandoc-nvim",
        "blink-cmp-dictionary": "blink-cmp-dictionary",
        "flake-parts": "flake-parts",
        "fsread-nvim": "fsread-nvim",
        "git-blame-nvim": "git-blame-nvim",
        "hand-side-fix-nvim": "hand-side-fix-nvim",
        "hl_match_area-nvim": "hl_match_area-nvim",
        "jsonpath-nvim": "jsonpath-nvim",
        "lualine-diagnostic-message": "lualine-diagnostic-message",
        "lualine-so-fancy-nvim": "lualine-so-fancy-nvim",
        "lualine-spell-status": "lualine-spell-status",
        "markdowny-nvim": "markdowny-nvim",
        "mdeval-nvim": "mdeval-nvim",
        "mistake-nvim": "mistake-nvim",
        "neovim-nightly-overlay": "neovim-nightly-overlay",
        "nixpkgs": "nixpkgs_2",
        "nvim-devdocs": "nvim-devdocs",
        "nvim-dr-lsp": "nvim-dr-lsp",
        "nvim-fundo": "nvim-fundo",
        "nvim-origami": "nvim-origami",
        "nvim-scissors": "nvim-scissors",
        "nvim-tinygit": "nvim-tinygit",
        "nvim-toc": "nvim-toc",
        "nvim-window": "nvim-window",
        "promise-async": "promise-async",
        "tailwindcss-colorizer-cmp-nvim": "tailwindcss-colorizer-cmp-nvim",
        "telescope-alternate": "telescope-alternate",
        "telescope-env-nvim": "telescope-env-nvim",
        "telescope-heading-nvim": "telescope-heading-nvim",
        "telescope-lazy-nvim": "telescope-lazy-nvim",
        "telescope-luasnip-nvim": "telescope-luasnip-nvim",
        "telescope-node-modules-nvim": "telescope-node-modules-nvim",
        "template-string-nvim": "template-string-nvim",
        "ts-node-action": "ts-node-action",
        "vim-mkdir": "vim-mkdir"
      }
    },
    "tailwindcss-colorizer-cmp-nvim": {
      "flake": false,
      "locked": {
        "lastModified": 1711194583,
        "narHash": "sha256-PIkfJzLt001TojAnE/rdRhgVEwSvCvUJm/vNPLSWjpY=",
        "owner": "roobert",
        "repo": "tailwindcss-colorizer-cmp.nvim",
        "rev": "3d3cd95e4a4135c250faf83dd5ed61b8e5502b86",
        "type": "github"
      },
      "original": {
        "owner": "roobert",
        "repo": "tailwindcss-colorizer-cmp.nvim",
        "type": "github"
      }
    },
    "telescope-alternate": {
      "flake": false,
      "locked": {
        "lastModified": 1713211208,
        "narHash": "sha256-oit93iNRGlQhKAgsy0JgaJLkf+1miDhi3XjzE39gx7g=",
        "owner": "otavioschwanck",
        "repo": "telescope-alternate",
        "rev": "2efa87d99122ee1abe8ada1a50304180a1802c34",
        "type": "github"
      },
      "original": {
        "owner": "otavioschwanck",
        "repo": "telescope-alternate",
        "type": "github"
      }
    },
    "telescope-env-nvim": {
      "flake": false,
      "locked": {
        "lastModified": 1671119502,
        "narHash": "sha256-gwpheCuMOSfRf9A5nHAOrb0S6GHQE3we9QAa6ri2XaQ=",
        "owner": "LinArcX",
        "repo": "telescope-env.nvim",
        "rev": "00a703cc7b713cdda0a981d88fddf3ce25502af5",
        "type": "github"
      },
      "original": {
        "owner": "LinArcX",
        "repo": "telescope-env.nvim",
        "type": "github"
      }
    },
    "telescope-heading-nvim": {
      "flake": false,
      "locked": {
        "lastModified": 1718109830,
        "narHash": "sha256-29nSqK4sWI3m5hHviGBfiSN/GPh8oXGiYrrTmN2okRk=",
        "owner": "crispgm",
        "repo": "telescope-heading.nvim",
        "rev": "e85c0f69cb64048f56e76548dcb2f10277576df9",
        "type": "github"
      },
      "original": {
        "owner": "crispgm",
        "repo": "telescope-heading.nvim",
        "type": "github"
      }
    },
    "telescope-lazy-nvim": {
      "flake": false,
      "locked": {
        "lastModified": 1731094449,
        "narHash": "sha256-jAe07086TQvWB2MLOjlwTw25E97GIDSQDqhesu+t62s=",
        "owner": "tsakirist",
        "repo": "telescope-lazy.nvim",
        "rev": "810f7859c98e88b9c4e45de16cb5317207c9b3e8",
        "type": "github"
      },
      "original": {
        "owner": "tsakirist",
        "repo": "telescope-lazy.nvim",
        "type": "github"
      }
    },
    "telescope-luasnip-nvim": {
      "flake": false,
      "locked": {
        "lastModified": 1734145237,
        "narHash": "sha256-9XsV2hPjt05q+y5FiSbKYYXnznDKYOsDwsVmfskYd3M=",
        "owner": "benfowler",
        "repo": "telescope-luasnip.nvim",
        "rev": "07a2a2936a7557404c782dba021ac0a03165b343",
        "type": "github"
      },
      "original": {
        "owner": "benfowler",
        "repo": "telescope-luasnip.nvim",
        "type": "github"
      }
    },
    "telescope-node-modules-nvim": {
      "flake": false,
      "locked": {
        "lastModified": 1651890876,
        "narHash": "sha256-MaYGGFdmqLmbBg1a/lE9OIgVyanIu3/xi1lXCez04NE=",
        "owner": "nvim-telescope",
        "repo": "telescope-node-modules.nvim",
        "rev": "b846d33ff5763176dc14fc74c30941a2067c82fd",
        "type": "github"
      },
      "original": {
        "owner": "nvim-telescope",
        "repo": "telescope-node-modules.nvim",
        "type": "github"
      }
    },
    "template-string-nvim": {
      "flake": false,
      "locked": {
        "lastModified": 1736201255,
        "narHash": "sha256-LkbATjFFUHffi4vVEG2Kms9vlvJeJX+x1oEdCbN39BY=",
        "owner": "axelvc",
        "repo": "template-string.nvim",
        "rev": "da5f326b65fb74fd068aa1d8b55461b64c8fb23b",
        "type": "github"
      },
      "original": {
        "owner": "axelvc",
        "repo": "template-string.nvim",
        "type": "github"
      }
    },
    "treefmt-nix": {
      "inputs": {
        "nixpkgs": [
          "neovim-nightly-overlay",
          "nixpkgs"
        ]
      },
      "locked": {
        "lastModified": 1736154270,
        "narHash": "sha256-p2r8xhQZ3TYIEKBoiEhllKWQqWNJNoT9v64Vmg4q8Zw=",
        "owner": "numtide",
        "repo": "treefmt-nix",
        "rev": "13c913f5deb3a5c08bb810efd89dc8cb24dd968b",
        "type": "github"
      },
      "original": {
        "owner": "numtide",
        "repo": "treefmt-nix",
        "type": "github"
      }
    },
    "ts-node-action": {
      "flake": false,
      "locked": {
        "lastModified": 1735501714,
        "narHash": "sha256-f1TIAs1s1P+C5tVwvswK1vAkglbGYCZ2n5xXznyD+v8=",
        "owner": "CKolkey",
        "repo": "ts-node-action",
        "rev": "7b41b88b410cd45cd610bca74214574299ce0d61",
        "type": "github"
      },
      "original": {
        "owner": "CKolkey",
        "repo": "ts-node-action",
        "type": "github"
      }
    },
    "vim-mkdir": {
      "flake": false,
      "locked": {
        "lastModified": 1556560885,
        "narHash": "sha256-3GZFp6Q6ZM48b4Qxy3BpsMGI9K9vmIsvZ53R6niw4k4=",
        "owner": "pbrisbin",
        "repo": "vim-mkdir",
        "rev": "f0ba7a7dc190a0cedf1d827958c99f3718109cf0",
        "type": "github"
      },
      "original": {
        "owner": "pbrisbin",
        "repo": "vim-mkdir",
        "type": "github"
      }
    }
  },
  "root": "root",
  "version": 7
}
