{
  "nodes": {
    "LazyVim": {
      "flake": false,
      "locked": {
        "lastModified": 1740838936,
        "narHash": "sha256-lwT39h97ZyF/SFJhkOqZ2vU5f3QpCpe7L1MVDPEXN28=",
        "owner": "LazyVim",
        "repo": "LazyVim",
        "rev": "ec5981dfb1222c3bf246d9bcaa713d5cfa486fbd",
        "type": "github"
      },
      "original": {
        "owner": "LazyVim",
        "repo": "LazyVim",
        "type": "github"
      }
    },
    "auto-pandoc-nvim": {
      "flake": false,
      "locked": {
        "lastModified": 1731247329,
        "narHash": "sha256-VZV9xjq6S9M9eSCDE2nV8fv6kJsC4otYJ7ZGuZwpaXw=",
        "owner": "jghauser",
        "repo": "auto-pandoc.nvim",
        "rev": "11d007dcab1dd4587bfca175e18b6017ff4ad1dc",
        "type": "github"
      },
      "original": {
        "owner": "jghauser",
        "repo": "auto-pandoc.nvim",
        "type": "github"
      }
    },
    "bacon-ls": {
      "inputs": {
        "flake-utils": "flake-utils",
        "naersk": "naersk",
        "nixpkgs": "nixpkgs_2",
        "nixpkgs-mozilla": "nixpkgs-mozilla"
      },
      "locked": {
        "lastModified": 1741541521,
        "narHash": "sha256-nSRXUeu0n+hWuv6xAaTGuYdvtu+viC+gbuQ4+SaJP/Y=",
        "owner": "crisidev",
        "repo": "bacon-ls",
        "rev": "f38b61409e7501e506b1fbf33b7a1a621b415dbe",
        "type": "github"
      },
      "original": {
        "owner": "crisidev",
        "repo": "bacon-ls",
        "type": "github"
      }
    },
    "blink-cmp-dictionary": {
      "flake": false,
      "locked": {
        "lastModified": 1740729493,
        "narHash": "sha256-6omk9L8GGYHDkWb4boNtuab0tE42bN/+QPJ1WOINfwE=",
        "owner": "Kaiser-Yang",
        "repo": "blink-cmp-dictionary",
        "rev": "3d49f934059fb59f657b547d90a526d00540634e",
        "type": "github"
      },
      "original": {
        "owner": "Kaiser-Yang",
        "repo": "blink-cmp-dictionary",
        "type": "github"
      }
    },
    "flake-compat": {
      "flake": false,
      "locked": {
        "lastModified": 1733328505,
        "narHash": "sha256-NeCCThCEP3eCl2l/+27kNNK7QrwZB1IJCrXfrbv5oqU=",
        "owner": "edolstra",
        "repo": "flake-compat",
        "rev": "ff81ac966bb2cae68946d5ed5fc4994f96d0ffec",
        "type": "github"
      },
      "original": {
        "owner": "edolstra",
        "repo": "flake-compat",
        "type": "github"
      }
    },
    "flake-compat_2": {
      "flake": false,
      "locked": {
        "lastModified": 1696426674,
        "narHash": "sha256-kvjfFW7WAETZlt09AgDn1MrtKzP7t90Vf7vypd3OL1U=",
        "owner": "edolstra",
        "repo": "flake-compat",
        "rev": "0f9255e01c2351cc7d116c072cb317785dd33b33",
        "type": "github"
      },
      "original": {
        "owner": "edolstra",
        "repo": "flake-compat",
        "type": "github"
      }
    },
    "flake-parts": {
      "inputs": {
        "nixpkgs-lib": [
          "nixpkgs"
        ]
      },
      "locked": {
        "lastModified": 1741352980,
        "narHash": "sha256-+u2UunDA4Cl5Fci3m7S643HzKmIDAe+fiXrLqYsR2fs=",
        "owner": "hercules-ci",
        "repo": "flake-parts",
        "rev": "f4330d22f1c5d2ba72d3d22df5597d123fdb60a9",
        "type": "github"
      },
      "original": {
        "owner": "hercules-ci",
        "repo": "flake-parts",
        "type": "github"
      }
    },
    "flake-parts_2": {
      "inputs": {
        "nixpkgs-lib": [
          "neovim-nightly-overlay",
          "nixpkgs"
        ]
      },
      "locked": {
        "lastModified": 1741352980,
        "narHash": "sha256-+u2UunDA4Cl5Fci3m7S643HzKmIDAe+fiXrLqYsR2fs=",
        "owner": "hercules-ci",
        "repo": "flake-parts",
        "rev": "f4330d22f1c5d2ba72d3d22df5597d123fdb60a9",
        "type": "github"
      },
      "original": {
        "owner": "hercules-ci",
        "repo": "flake-parts",
        "type": "github"
      }
    },
    "flake-parts_3": {
      "inputs": {
        "nixpkgs-lib": [
          "neovim-nightly-overlay",
          "hercules-ci-effects",
          "nixpkgs"
        ]
      },
      "locked": {
        "lastModified": 1738453229,
        "narHash": "sha256-7H9XgNiGLKN1G1CgRh0vUL4AheZSYzPm+zmZ7vxbJdo=",
        "owner": "hercules-ci",
        "repo": "flake-parts",
        "rev": "32ea77a06711b758da0ad9bd6a844c5740a87abd",
        "type": "github"
      },
      "original": {
        "id": "flake-parts",
        "type": "indirect"
      }
    },
    "flake-utils": {
      "inputs": {
        "systems": "systems"
      },
      "locked": {
        "lastModified": 1731533236,
        "narHash": "sha256-l0KFg5HjrsfsO/JpG+r7fRrqm12kzFHyUHqHCVpMMbI=",
        "owner": "numtide",
        "repo": "flake-utils",
        "rev": "11707dc2f618dd54ca8739b309ec4fc024de578b",
        "type": "github"
      },
      "original": {
        "owner": "numtide",
        "repo": "flake-utils",
        "type": "github"
      }
    },
    "fsread-nvim": {
      "flake": false,
      "locked": {
        "lastModified": 1676854047,
        "narHash": "sha256-CsyBn8iAx5m1rhHW+HfbUSbtyTCaSG6/mgyrh+5KOqo=",
        "owner": "nullchilly",
        "repo": "fsread.nvim",
        "rev": "a637bf048f733def7c5c46f5bf482f93a8311b29",
        "type": "github"
      },
      "original": {
        "owner": "nullchilly",
        "repo": "fsread.nvim",
        "type": "github"
      }
    },
    "git-blame-nvim": {
      "flake": false,
      "locked": {
        "lastModified": 1727177890,
        "narHash": "sha256-mFzm0hkO0iei3yekOXrQpeCJimwzBLgXLZtK1DjjoE4=",
        "owner": "f-person",
        "repo": "git-blame.nvim",
        "rev": "2883a7460f611c2705b23f12d58d398d5ce6ec00",
        "type": "github"
      },
      "original": {
        "owner": "f-person",
        "repo": "git-blame.nvim",
        "type": "github"
      }
    },
    "git-dev-nvim": {
      "flake": false,
      "locked": {
        "lastModified": 1741542297,
        "narHash": "sha256-yB4Cne716K4a7iTbLOE9HH/yBbo2zv3G7tAe2RCjApg=",
        "owner": "moyiz",
        "repo": "git-dev.nvim",
        "rev": "f8894349d04b2d922f2d170c5d66db729236d86f",
        "type": "github"
      },
      "original": {
        "owner": "moyiz",
        "repo": "git-dev.nvim",
        "type": "github"
      }
    },
    "git-hooks": {
      "inputs": {
        "flake-compat": "flake-compat_2",
        "gitignore": "gitignore",
        "nixpkgs": [
          "neovim-nightly-overlay",
          "nixpkgs"
        ]
      },
      "locked": {
        "lastModified": 1741379162,
        "narHash": "sha256-srpAbmJapkaqGRE3ytf3bj4XshspVR5964OX5LfjDWc=",
        "owner": "cachix",
        "repo": "git-hooks.nix",
        "rev": "b5a62751225b2f62ff3147d0a334055ebadcd5cc",
        "type": "github"
      },
      "original": {
        "owner": "cachix",
        "repo": "git-hooks.nix",
        "type": "github"
      }
    },
    "gitignore": {
      "inputs": {
        "nixpkgs": [
          "neovim-nightly-overlay",
          "git-hooks",
          "nixpkgs"
        ]
      },
      "locked": {
        "lastModified": 1709087332,
        "narHash": "sha256-HG2cCnktfHsKV0s4XW83gU3F57gaTljL9KNSuG6bnQs=",
        "owner": "hercules-ci",
        "repo": "gitignore.nix",
        "rev": "637db329424fd7e46cf4185293b9cc8c88c95394",
        "type": "github"
      },
      "original": {
        "owner": "hercules-ci",
        "repo": "gitignore.nix",
        "type": "github"
      }
    },
    "hand-side-fix-nvim": {
      "flake": false,
      "locked": {
        "lastModified": 1711572601,
        "narHash": "sha256-AgWeXs2t1xH74h7Ux4N+lC5r+Qt/hlv4H+jnPyGXsiQ=",
        "owner": "arminfro",
        "repo": "hand-side-fix.nvim",
        "rev": "11d64cc1a379a517d713a55f72f262b102c1fbb8",
        "type": "github"
      },
      "original": {
        "owner": "arminfro",
        "repo": "hand-side-fix.nvim",
        "type": "github"
      }
    },
    "hercules-ci-effects": {
      "inputs": {
        "flake-parts": "flake-parts_3",
        "nixpkgs": [
          "neovim-nightly-overlay",
          "nixpkgs"
        ]
      },
      "locked": {
        "lastModified": 1739595404,
        "narHash": "sha256-0CjCfbq0yHWexOrpO06e2WU1r5JAqR6ffy1zgM3NksI=",
        "owner": "hercules-ci",
        "repo": "hercules-ci-effects",
        "rev": "06519cec8fb32d219006da6eacd255504a9996af",
        "type": "github"
      },
      "original": {
        "owner": "hercules-ci",
        "repo": "hercules-ci-effects",
        "type": "github"
      }
    },
    "hl_match_area-nvim": {
      "flake": false,
      "locked": {
        "lastModified": 1695030149,
        "narHash": "sha256-eOoG8EiVgvgnn3nluVNfYADUzXwsEYrh2ziaPnEcN/o=",
        "owner": "rareitems",
        "repo": "hl_match_area.nvim",
        "rev": "e2be159f47b036e2a8fa91549ff09110acc1856e",
        "type": "github"
      },
      "original": {
        "owner": "rareitems",
        "repo": "hl_match_area.nvim",
        "type": "github"
      }
    },
    "jsonpath-nvim": {
      "flake": false,
      "locked": {
        "lastModified": 1722891725,
        "narHash": "sha256-7mTeHTXX75iQOL5dZw+HqIZtTRE3dPAddqv1Sg0wsRQ=",
        "owner": "phelipetls",
        "repo": "jsonpath.nvim",
        "rev": "2d889eb9c39893e030e902b854122a1615c042ea",
        "type": "github"
      },
      "original": {
        "owner": "phelipetls",
        "repo": "jsonpath.nvim",
        "type": "github"
      }
    },
    "lualine-so-fancy-nvim": {
      "flake": false,
      "locked": {
        "lastModified": 1736448743,
        "narHash": "sha256-Ctdt8kCG+4ynpfEHpvUhFQpbhcaLg0hoPX+yPkUQGS0=",
        "owner": "meuter",
        "repo": "lualine-so-fancy.nvim",
        "rev": "6ba7b138f2ca435673eb04c2cf85f0757df69b07",
        "type": "github"
      },
      "original": {
        "owner": "meuter",
        "repo": "lualine-so-fancy.nvim",
        "type": "github"
      }
    },
    "lualine-spell-status": {
      "flake": false,
      "locked": {
        "lastModified": 1657233995,
        "narHash": "sha256-TVzKHUmlJZVg6JKai6NQUYSiVLrUP1jcsNlQZNW5lBE=",
        "owner": "sherlock5512",
        "repo": "lualine-spell-status",
        "rev": "aa81c2c9a71e3ed3552c6cd75e150414ff9ac664",
        "type": "github"
      },
      "original": {
        "owner": "sherlock5512",
        "repo": "lualine-spell-status",
        "type": "github"
      }
    },
    "markdowny-nvim": {
      "flake": false,
      "locked": {
        "lastModified": 1721349116,
        "narHash": "sha256-87CJ/yrtII9fBH8PEejFTegQL3iGnYtUCGOMkLDJwyc=",
        "owner": "antonk52",
        "repo": "markdowny.nvim",
        "rev": "8ff18e8677cf39821913f387697378fcf3e141a0",
        "type": "github"
      },
      "original": {
        "owner": "antonk52",
        "repo": "markdowny.nvim",
        "type": "github"
      }
    },
    "mdeval-nvim": {
      "flake": false,
      "locked": {
        "lastModified": 1732965837,
        "narHash": "sha256-IMm78SbuFfuBsBtbKQqrT/zy1/uAkvdFRhNKFeGCzos=",
        "owner": "jubnzv",
        "repo": "mdeval.nvim",
        "rev": "0e1b248db174a9659a9ab16eb8c90ff3aec55264",
        "type": "github"
      },
      "original": {
        "owner": "jubnzv",
        "repo": "mdeval.nvim",
        "type": "github"
      }
    },
    "mistake-nvim": {
      "flake": false,
      "locked": {
        "lastModified": 1740980910,
        "narHash": "sha256-EXKjoFOEKz33HwLQ/Xxdxw3GsXdty2sMeAe8LK78gvM=",
        "owner": "ck-zhang",
        "repo": "mistake.nvim",
        "rev": "c82e20f1b62893f183770d9d399bdc7f07fbc45d",
        "type": "github"
      },
      "original": {
        "owner": "ck-zhang",
        "repo": "mistake.nvim",
        "type": "github"
      }
    },
    "naersk": {
      "inputs": {
        "nixpkgs": "nixpkgs"
      },
      "locked": {
        "lastModified": 1739824009,
        "narHash": "sha256-fcNrCMUWVLMG3gKC5M9CBqVOAnJtyRvGPxptQFl5mVg=",
        "owner": "nix-community",
        "repo": "naersk",
        "rev": "e5130d37369bfa600144c2424270c96f0ef0e11d",
        "type": "github"
      },
      "original": {
        "owner": "nix-community",
        "repo": "naersk",
        "type": "github"
      }
    },
    "neominimap-nvim": {
      "flake": false,
      "locked": {
        "lastModified": 1740941426,
        "narHash": "sha256-7712af+TXIUeQfCVYpJwsxWXA1w7RqeMOybK8mRiQCo=",
        "owner": "Isrothy",
        "repo": "neominimap.nvim",
        "rev": "bd0cab43c13eccffb7288678f335b9fbf462d573",
        "type": "github"
      },
      "original": {
        "owner": "Isrothy",
        "repo": "neominimap.nvim",
        "type": "github"
      }
    },
    "neovim-nightly-overlay": {
      "inputs": {
        "flake-compat": "flake-compat",
        "flake-parts": "flake-parts_2",
        "git-hooks": "git-hooks",
        "hercules-ci-effects": "hercules-ci-effects",
        "neovim-src": "neovim-src",
        "nixpkgs": "nixpkgs_3",
        "treefmt-nix": "treefmt-nix"
      },
      "locked": {
        "lastModified": 1741565384,
        "narHash": "sha256-J6i/A2XM0cctEUJH3p0jeDUg1jhzKriPjfkhvEc/THw=",
        "owner": "nix-community",
        "repo": "neovim-nightly-overlay",
        "rev": "7ecc342f01679cf4b275d8353bdcd192dfde4333",
        "type": "github"
      },
      "original": {
        "owner": "nix-community",
        "repo": "neovim-nightly-overlay",
        "type": "github"
      }
    },
    "neovim-src": {
      "flake": false,
      "locked": {
        "lastModified": 1741563807,
        "narHash": "sha256-KfhHApWCRoqzR3X529be2qeBRa7KY8gXh8C2204J1rE=",
        "owner": "neovim",
        "repo": "neovim",
        "rev": "b90f649ca2e240c1bfb22fe91247bc90314af1e1",
        "type": "github"
      },
      "original": {
        "owner": "neovim",
        "repo": "neovim",
        "type": "github"
      }
    },
    "nixpkgs": {
      "locked": {
        "lastModified": 1741310760,
        "narHash": "sha256-aizILFrPgq/W53Jw8i0a1h1GZAAKtlYOrG/A5r46gVM=",
        "owner": "NixOS",
        "repo": "nixpkgs",
        "rev": "de0fe301211c267807afd11b12613f5511ff7433",
        "type": "github"
      },
      "original": {
        "id": "nixpkgs",
        "type": "indirect"
      }
    },
    "nixpkgs-mozilla": {
      "flake": false,
      "locked": {
        "lastModified": 1740762144,
        "narHash": "sha256-I7a6e3IYJAp9u3PwUSW1+oilO1tAfnbeN3/YJQ+ObCo=",
        "owner": "mozilla",
        "repo": "nixpkgs-mozilla",
        "rev": "e35b0e071cae97469d80222be988fdd972b22c3b",
        "type": "github"
      },
      "original": {
        "owner": "mozilla",
        "repo": "nixpkgs-mozilla",
        "type": "github"
      }
    },
    "nixpkgs_2": {
      "locked": {
        "lastModified": 1741310760,
        "narHash": "sha256-aizILFrPgq/W53Jw8i0a1h1GZAAKtlYOrG/A5r46gVM=",
        "owner": "NixOS",
        "repo": "nixpkgs",
        "rev": "de0fe301211c267807afd11b12613f5511ff7433",
        "type": "github"
      },
      "original": {
        "owner": "NixOS",
        "ref": "nixpkgs-unstable",
        "repo": "nixpkgs",
        "type": "github"
      }
    },
    "nixpkgs_3": {
      "locked": {
        "lastModified": 1741402956,
        "narHash": "sha256-y2hByvBM03s9T2fpeLjW6iprbxnhV9mJMmSwCHc41ZQ=",
        "owner": "NixOS",
        "repo": "nixpkgs",
        "rev": "ed0b1881565c1ffef490c10d663d4f542031dad3",
        "type": "github"
      },
      "original": {
        "owner": "NixOS",
        "ref": "nixpkgs-unstable",
        "repo": "nixpkgs",
        "type": "github"
      }
    },
    "nixpkgs_4": {
      "locked": {
        "lastModified": 1741379970,
        "narHash": "sha256-Wh7esNh7G24qYleLvgOSY/7HlDUzWaL/n4qzlBePpiw=",
        "owner": "NixOS",
        "repo": "nixpkgs",
        "rev": "36fd87baa9083f34f7f5027900b62ee6d09b1f2f",
        "type": "github"
      },
      "original": {
        "owner": "NixOS",
        "ref": "nixos-unstable",
        "repo": "nixpkgs",
        "type": "github"
      }
    },
    "nvim-devdocs": {
      "flake": false,
      "locked": {
        "lastModified": 1712843813,
        "narHash": "sha256-NvxsUAl+FKrT60xmrVBh/EVLuWrGaLWWwFsWYrr7QKc=",
        "owner": "luckasRanarison",
        "repo": "nvim-devdocs",
        "rev": "1ab982d3e069d191d9157b897c8b70cf48b7f77a",
        "type": "github"
      },
      "original": {
        "owner": "luckasRanarison",
        "repo": "nvim-devdocs",
        "type": "github"
      }
    },
    "nvim-dr-lsp": {
      "flake": false,
      "locked": {
        "lastModified": 1735559781,
        "narHash": "sha256-c5cDqUHgT5QAEV4hXJMfiALZdzp46nrfcKiPmWWwHoQ=",
        "owner": "chrisgrieser",
        "repo": "nvim-dr-lsp",
        "rev": "162c915eaf61d40ca1b4eec079037f42e9fdefcf",
        "type": "github"
      },
      "original": {
        "owner": "chrisgrieser",
        "repo": "nvim-dr-lsp",
        "type": "github"
      }
    },
    "nvim-fundo": {
      "flake": false,
      "locked": {
        "lastModified": 1715880105,
        "narHash": "sha256-+YOLS6YqxAp5hBCzLrqUJ1aM/KTnWsmAhw6zRpK3HWk=",
        "owner": "kevinhwang91",
        "repo": "nvim-fundo",
        "rev": "ac9c9372c4bf677721e24f144ef29d3a05c2b589",
        "type": "github"
      },
      "original": {
        "owner": "kevinhwang91",
        "repo": "nvim-fundo",
        "type": "github"
      }
    },
    "nvim-origami": {
      "flake": false,
      "locked": {
        "lastModified": 1735574716,
        "narHash": "sha256-aKm82zyRdef/CBKO5GzUEy18CyNBCwVQ2GplQFW7fgY=",
        "owner": "chrisgrieser",
        "repo": "nvim-origami",
        "rev": "d46d552ffe117739e4a7ce4207966c163db96ea0",
        "type": "github"
      },
      "original": {
        "owner": "chrisgrieser",
        "repo": "nvim-origami",
        "type": "github"
      }
    },
    "nvim-scissors": {
      "flake": false,
      "locked": {
        "lastModified": 1736681315,
        "narHash": "sha256-myCMr+9VUA+kFqoVeZsxoL6lHTM5j4oVY0Z3FvPwfmQ=",
        "owner": "chrisgrieser",
        "repo": "nvim-scissors",
        "rev": "12d9f282b67525bb766c6fe33317caf25a19c86a",
        "type": "github"
      },
      "original": {
        "owner": "chrisgrieser",
        "repo": "nvim-scissors",
        "type": "github"
      }
    },
    "nvim-tinygit": {
      "flake": false,
      "locked": {
        "lastModified": 1741017648,
        "narHash": "sha256-jaUradKeSxLuN2XIAxxyuWIuCde7lKFakgub8+axlHw=",
        "owner": "chrisgrieser",
        "repo": "nvim-tinygit",
        "rev": "c62f886cb87b9665300c34c0ff3a12d6e080655f",
        "type": "github"
      },
      "original": {
        "owner": "chrisgrieser",
        "repo": "nvim-tinygit",
        "type": "github"
      }
    },
    "nvim-toc": {
      "flake": false,
      "locked": {
        "lastModified": 1704382490,
        "narHash": "sha256-u5TUldGf+gadUcUewRjIPgpOozMNbDiZSm6VZufG4ZM=",
        "owner": "richardbizik",
        "repo": "nvim-toc",
        "rev": "afc27debc800129c50c5b870846ce1a5c9ce4479",
        "type": "github"
      },
      "original": {
        "owner": "richardbizik",
        "repo": "nvim-toc",
        "type": "github"
      }
    },
    "nvim-window": {
      "flake": false,
      "locked": {
        "lastModified": 1738625614,
        "narHash": "sha256-4MJY7jWXn+lN8upfuUA1SW74l1WcK4PttMecDdEE2GI=",
        "owner": "yorickpeterse",
        "repo": "nvim-window",
        "rev": "93af78311e53919a0b13d1bf6d857880bb0b975d",
        "type": "github"
      },
      "original": {
        "owner": "yorickpeterse",
        "repo": "nvim-window",
        "type": "github"
      }
    },
    "output-panel-nvim": {
      "flake": false,
      "locked": {
        "lastModified": 1741015952,
        "narHash": "sha256-zxafnw7Rc/yK1JifN1qIlCSPFshTu6O+sL8wvkZuCcA=",
        "owner": "mhanberg",
        "repo": "output-panel.nvim",
        "rev": "c6c962882bf107e997f39956702f97a4000820ed",
        "type": "github"
      },
      "original": {
        "owner": "mhanberg",
        "repo": "output-panel.nvim",
        "type": "github"
      }
    },
    "promise-async": {
      "flake": false,
      "locked": {
        "lastModified": 1722813441,
        "narHash": "sha256-9eM66brPjiFlY64vmBetRYrKnpDyN7+/URMm4GsGimA=",
        "owner": "kevinhwang91",
        "repo": "promise-async",
        "rev": "119e8961014c9bfaf1487bf3c2a393d254f337e2",
        "type": "github"
      },
      "original": {
        "owner": "kevinhwang91",
        "repo": "promise-async",
        "type": "github"
      }
    },
    "refjump-nvim": {
      "flake": false,
      "locked": {
        "lastModified": 1738758608,
        "narHash": "sha256-P1vrNjgWBGiTppmHI3zW6dzlJcOGFTWRvrNFu5P3aAo=",
        "owner": "mawkler",
        "repo": "refjump.nvim",
        "rev": "3459d17ad750d49458fec5b315e3181c525c6b27",
        "type": "github"
      },
      "original": {
        "owner": "mawkler",
        "repo": "refjump.nvim",
        "type": "github"
      }
    },
    "root": {
      "inputs": {
        "LazyVim": "LazyVim",
        "auto-pandoc-nvim": "auto-pandoc-nvim",
        "bacon-ls": "bacon-ls",
        "blink-cmp-dictionary": "blink-cmp-dictionary",
        "flake-parts": "flake-parts",
        "fsread-nvim": "fsread-nvim",
        "git-blame-nvim": "git-blame-nvim",
        "git-dev-nvim": "git-dev-nvim",
        "hand-side-fix-nvim": "hand-side-fix-nvim",
        "hl_match_area-nvim": "hl_match_area-nvim",
        "jsonpath-nvim": "jsonpath-nvim",
        "lualine-so-fancy-nvim": "lualine-so-fancy-nvim",
        "lualine-spell-status": "lualine-spell-status",
        "markdowny-nvim": "markdowny-nvim",
        "mdeval-nvim": "mdeval-nvim",
        "mistake-nvim": "mistake-nvim",
        "neominimap-nvim": "neominimap-nvim",
        "neovim-nightly-overlay": "neovim-nightly-overlay",
        "nixpkgs": "nixpkgs_4",
        "nvim-devdocs": "nvim-devdocs",
        "nvim-dr-lsp": "nvim-dr-lsp",
        "nvim-fundo": "nvim-fundo",
        "nvim-origami": "nvim-origami",
        "nvim-scissors": "nvim-scissors",
        "nvim-tinygit": "nvim-tinygit",
        "nvim-toc": "nvim-toc",
        "nvim-window": "nvim-window",
        "output-panel-nvim": "output-panel-nvim",
        "promise-async": "promise-async",
        "refjump-nvim": "refjump-nvim",
        "smear-cursor-nvim": "smear-cursor-nvim",
        "tailwindcss-colorizer-cmp-nvim": "tailwindcss-colorizer-cmp-nvim",
        "telescope-alternate": "telescope-alternate",
        "telescope-env-nvim": "telescope-env-nvim",
        "telescope-heading-nvim": "telescope-heading-nvim",
        "telescope-lazy-nvim": "telescope-lazy-nvim",
        "telescope-luasnip-nvim": "telescope-luasnip-nvim",
        "telescope-node-modules-nvim": "telescope-node-modules-nvim",
        "template-string-nvim": "template-string-nvim",
        "ts-node-action": "ts-node-action",
        "vim-mkdir": "vim-mkdir"
      }
    },
    "smear-cursor-nvim": {
      "flake": false,
      "locked": {
        "lastModified": 1741540587,
        "narHash": "sha256-8xC6qa1tqP2yPGUGW97i6URo/j0jC3y7146Szy4+2mo=",
        "owner": "sphamba",
        "repo": "smear-cursor.nvim",
        "rev": "81638007bf7bbe79a78a3bfcbe8c640ec83344c0",
        "type": "github"
      },
      "original": {
        "owner": "sphamba",
        "repo": "smear-cursor.nvim",
        "type": "github"
      }
    },
    "systems": {
      "locked": {
        "lastModified": 1681028828,
        "narHash": "sha256-Vy1rq5AaRuLzOxct8nz4T6wlgyUR7zLU309k9mBC768=",
        "owner": "nix-systems",
        "repo": "default",
        "rev": "da67096a3b9bf56a91d16901293e51ba5b49a27e",
        "type": "github"
      },
      "original": {
        "owner": "nix-systems",
        "repo": "default",
        "type": "github"
      }
    },
    "tailwindcss-colorizer-cmp-nvim": {
      "flake": false,
      "locked": {
        "lastModified": 1711194583,
        "narHash": "sha256-PIkfJzLt001TojAnE/rdRhgVEwSvCvUJm/vNPLSWjpY=",
        "owner": "roobert",
        "repo": "tailwindcss-colorizer-cmp.nvim",
        "rev": "3d3cd95e4a4135c250faf83dd5ed61b8e5502b86",
        "type": "github"
      },
      "original": {
        "owner": "roobert",
        "repo": "tailwindcss-colorizer-cmp.nvim",
        "type": "github"
      }
    },
    "telescope-alternate": {
      "flake": false,
      "locked": {
        "lastModified": 1713211208,
        "narHash": "sha256-oit93iNRGlQhKAgsy0JgaJLkf+1miDhi3XjzE39gx7g=",
        "owner": "otavioschwanck",
        "repo": "telescope-alternate",
        "rev": "2efa87d99122ee1abe8ada1a50304180a1802c34",
        "type": "github"
      },
      "original": {
        "owner": "otavioschwanck",
        "repo": "telescope-alternate",
        "type": "github"
      }
    },
    "telescope-env-nvim": {
      "flake": false,
      "locked": {
        "lastModified": 1671119502,
        "narHash": "sha256-gwpheCuMOSfRf9A5nHAOrb0S6GHQE3we9QAa6ri2XaQ=",
        "owner": "LinArcX",
        "repo": "telescope-env.nvim",
        "rev": "00a703cc7b713cdda0a981d88fddf3ce25502af5",
        "type": "github"
      },
      "original": {
        "owner": "LinArcX",
        "repo": "telescope-env.nvim",
        "type": "github"
      }
    },
    "telescope-heading-nvim": {
      "flake": false,
      "locked": {
        "lastModified": 1718109830,
        "narHash": "sha256-29nSqK4sWI3m5hHviGBfiSN/GPh8oXGiYrrTmN2okRk=",
        "owner": "crispgm",
        "repo": "telescope-heading.nvim",
        "rev": "e85c0f69cb64048f56e76548dcb2f10277576df9",
        "type": "github"
      },
      "original": {
        "owner": "crispgm",
        "repo": "telescope-heading.nvim",
        "type": "github"
      }
    },
    "telescope-lazy-nvim": {
      "flake": false,
      "locked": {
        "lastModified": 1731094449,
        "narHash": "sha256-jAe07086TQvWB2MLOjlwTw25E97GIDSQDqhesu+t62s=",
        "owner": "tsakirist",
        "repo": "telescope-lazy.nvim",
        "rev": "810f7859c98e88b9c4e45de16cb5317207c9b3e8",
        "type": "github"
      },
      "original": {
        "owner": "tsakirist",
        "repo": "telescope-lazy.nvim",
        "type": "github"
      }
    },
    "telescope-luasnip-nvim": {
      "flake": false,
      "locked": {
        "lastModified": 1734145237,
        "narHash": "sha256-9XsV2hPjt05q+y5FiSbKYYXnznDKYOsDwsVmfskYd3M=",
        "owner": "benfowler",
        "repo": "telescope-luasnip.nvim",
        "rev": "07a2a2936a7557404c782dba021ac0a03165b343",
        "type": "github"
      },
      "original": {
        "owner": "benfowler",
        "repo": "telescope-luasnip.nvim",
        "type": "github"
      }
    },
    "telescope-node-modules-nvim": {
      "flake": false,
      "locked": {
        "lastModified": 1651890876,
        "narHash": "sha256-MaYGGFdmqLmbBg1a/lE9OIgVyanIu3/xi1lXCez04NE=",
        "owner": "nvim-telescope",
        "repo": "telescope-node-modules.nvim",
        "rev": "b846d33ff5763176dc14fc74c30941a2067c82fd",
        "type": "github"
      },
      "original": {
        "owner": "nvim-telescope",
        "repo": "telescope-node-modules.nvim",
        "type": "github"
      }
    },
    "template-string-nvim": {
      "flake": false,
      "locked": {
        "lastModified": 1736201255,
        "narHash": "sha256-LkbATjFFUHffi4vVEG2Kms9vlvJeJX+x1oEdCbN39BY=",
        "owner": "axelvc",
        "repo": "template-string.nvim",
        "rev": "da5f326b65fb74fd068aa1d8b55461b64c8fb23b",
        "type": "github"
      },
      "original": {
        "owner": "axelvc",
        "repo": "template-string.nvim",
        "type": "github"
      }
    },
    "treefmt-nix": {
      "inputs": {
        "nixpkgs": [
          "neovim-nightly-overlay",
          "nixpkgs"
        ]
      },
      "locked": {
        "lastModified": 1739829690,
        "narHash": "sha256-mL1szCeIsjh6Khn3nH2cYtwO5YXG6gBiTw1A30iGeDU=",
        "owner": "numtide",
        "repo": "treefmt-nix",
        "rev": "3d0579f5cc93436052d94b73925b48973a104204",
        "type": "github"
      },
      "original": {
        "owner": "numtide",
        "repo": "treefmt-nix",
        "type": "github"
      }
    },
    "ts-node-action": {
      "flake": false,
      "locked": {
        "lastModified": 1737666737,
        "narHash": "sha256-yKJ1PqNPLmsTHhue4HeH47uhLpg8GNkrr4gpCi+e/fg=",
        "owner": "CKolkey",
        "repo": "ts-node-action",
        "rev": "bfaa787cc85d753af3c19245b4142ed727a534b5",
        "type": "github"
      },
      "original": {
        "owner": "CKolkey",
        "repo": "ts-node-action",
        "type": "github"
      }
    },
    "vim-mkdir": {
      "flake": false,
      "locked": {
        "lastModified": 1556560885,
        "narHash": "sha256-3GZFp6Q6ZM48b4Qxy3BpsMGI9K9vmIsvZ53R6niw4k4=",
        "owner": "pbrisbin",
        "repo": "vim-mkdir",
        "rev": "f0ba7a7dc190a0cedf1d827958c99f3718109cf0",
        "type": "github"
      },
      "original": {
        "owner": "pbrisbin",
        "repo": "vim-mkdir",
        "type": "github"
      }
    }
  },
  "root": "root",
  "version": 7
}
