{
  "nodes": {
    "blink-cmp-dictionary": {
      "flake": false,
      "locked": {
        "lastModified": 1736668846,
        "narHash": "sha256-c3q3OXEky1P8ygZJjgNcd8yKZkSYEp9fYUVcaakLhJ0=",
        "owner": "Kaiser-Yang",
        "repo": "blink-cmp-dictionary",
        "rev": "07cc2e49bb52ebff4e8b83d1801ad6441edf90a2",
        "type": "github"
      },
      "original": {
        "owner": "Kaiser-Yang",
        "repo": "blink-cmp-dictionary",
        "type": "github"
      }
    },
    "flake-compat": {
      "flake": false,
      "locked": {
        "lastModified": 1733328505,
        "narHash": "sha256-NeCCThCEP3eCl2l/+27kNNK7QrwZB1IJCrXfrbv5oqU=",
        "owner": "edolstra",
        "repo": "flake-compat",
        "rev": "ff81ac966bb2cae68946d5ed5fc4994f96d0ffec",
        "type": "github"
      },
      "original": {
        "owner": "edolstra",
        "repo": "flake-compat",
        "type": "github"
      }
    },
    "flake-compat_2": {
      "flake": false,
      "locked": {
        "lastModified": 1696426674,
        "narHash": "sha256-kvjfFW7WAETZlt09AgDn1MrtKzP7t90Vf7vypd3OL1U=",
        "owner": "edolstra",
        "repo": "flake-compat",
        "rev": "0f9255e01c2351cc7d116c072cb317785dd33b33",
        "type": "github"
      },
      "original": {
        "owner": "edolstra",
        "repo": "flake-compat",
        "type": "github"
      }
    },
    "flake-parts": {
      "inputs": {
        "nixpkgs-lib": [
          "nixpkgs"
        ]
      },
      "locked": {
        "lastModified": 1736143030,
        "narHash": "sha256-+hu54pAoLDEZT9pjHlqL9DNzWz0NbUn8NEAHP7PQPzU=",
        "owner": "hercules-ci",
        "repo": "flake-parts",
        "rev": "b905f6fc23a9051a6e1b741e1438dbfc0634c6de",
        "type": "github"
      },
      "original": {
        "owner": "hercules-ci",
        "repo": "flake-parts",
        "type": "github"
      }
    },
    "flake-parts_2": {
      "inputs": {
        "nixpkgs-lib": [
          "neovim-nightly-overlay",
          "nixpkgs"
        ]
      },
      "locked": {
        "lastModified": 1736143030,
        "narHash": "sha256-+hu54pAoLDEZT9pjHlqL9DNzWz0NbUn8NEAHP7PQPzU=",
        "owner": "hercules-ci",
        "repo": "flake-parts",
        "rev": "b905f6fc23a9051a6e1b741e1438dbfc0634c6de",
        "type": "github"
      },
      "original": {
        "owner": "hercules-ci",
        "repo": "flake-parts",
        "type": "github"
      }
    },
    "flake-parts_3": {
      "inputs": {
        "nixpkgs-lib": [
          "neovim-nightly-overlay",
          "hercules-ci-effects",
          "nixpkgs"
        ]
      },
      "locked": {
        "lastModified": 1733312601,
        "narHash": "sha256-4pDvzqnegAfRkPwO3wmwBhVi/Sye1mzps0zHWYnP88c=",
        "owner": "hercules-ci",
        "repo": "flake-parts",
        "rev": "205b12d8b7cd4802fbcb8e8ef6a0f1408781a4f9",
        "type": "github"
      },
      "original": {
        "id": "flake-parts",
        "type": "indirect"
      }
    },
    "git-hooks": {
      "inputs": {
        "flake-compat": "flake-compat_2",
        "gitignore": "gitignore",
        "nixpkgs": [
          "neovim-nightly-overlay",
          "nixpkgs"
        ]
      },
      "locked": {
        "lastModified": 1735882644,
        "narHash": "sha256-3FZAG+pGt3OElQjesCAWeMkQ7C/nB1oTHLRQ8ceP110=",
        "owner": "cachix",
        "repo": "git-hooks.nix",
        "rev": "a5a961387e75ae44cc20f0a57ae463da5e959656",
        "type": "github"
      },
      "original": {
        "owner": "cachix",
        "repo": "git-hooks.nix",
        "type": "github"
      }
    },
    "gitignore": {
      "inputs": {
        "nixpkgs": [
          "neovim-nightly-overlay",
          "git-hooks",
          "nixpkgs"
        ]
      },
      "locked": {
        "lastModified": 1709087332,
        "narHash": "sha256-HG2cCnktfHsKV0s4XW83gU3F57gaTljL9KNSuG6bnQs=",
        "owner": "hercules-ci",
        "repo": "gitignore.nix",
        "rev": "637db329424fd7e46cf4185293b9cc8c88c95394",
        "type": "github"
      },
      "original": {
        "owner": "hercules-ci",
        "repo": "gitignore.nix",
        "type": "github"
      }
    },
    "hercules-ci-effects": {
      "inputs": {
        "flake-parts": "flake-parts_3",
        "nixpkgs": [
          "neovim-nightly-overlay",
          "nixpkgs"
        ]
      },
      "locked": {
        "lastModified": 1735695978,
        "narHash": "sha256-cwk53OX1S1bCFY09zydubZNmmwcx9l5XEba8mVYuNE4=",
        "owner": "hercules-ci",
        "repo": "hercules-ci-effects",
        "rev": "f6233b5cfbada692d93a73d6ed35bdbfd0fdb9c4",
        "type": "github"
      },
      "original": {
        "owner": "hercules-ci",
        "repo": "hercules-ci-effects",
        "type": "github"
      }
    },
    "neovim-nightly-overlay": {
      "inputs": {
        "flake-compat": "flake-compat",
        "flake-parts": "flake-parts_2",
        "git-hooks": "git-hooks",
        "hercules-ci-effects": "hercules-ci-effects",
        "neovim-src": "neovim-src",
        "nixpkgs": "nixpkgs",
        "treefmt-nix": "treefmt-nix"
      },
      "locked": {
        "lastModified": 1736753650,
        "narHash": "sha256-qSbPnZ2utGL39UD6lKi+K/7sWyZVl/kGZfOoy+xJEjA=",
        "owner": "nix-community",
        "repo": "neovim-nightly-overlay",
        "rev": "9e2c41b7c12adc3ca17b1b50589f5234bcc0bbac",
        "type": "github"
      },
      "original": {
        "owner": "nix-community",
        "repo": "neovim-nightly-overlay",
        "type": "github"
      }
    },
    "neovim-src": {
      "flake": false,
      "locked": {
        "lastModified": 1736752727,
        "narHash": "sha256-sFD18EfXyQrN51ru6uzCt20C3DT4qBipJ1PbP9hnw80=",
        "owner": "neovim",
        "repo": "neovim",
        "rev": "2c16c849986794682a4776ff4ec100d00eeba5ca",
        "type": "github"
      },
      "original": {
        "owner": "neovim",
        "repo": "neovim",
        "type": "github"
      }
    },
    "nixpkgs": {
      "locked": {
        "lastModified": 1736657626,
        "narHash": "sha256-FWlPMUzp0lkQBdhKlPqtQdqmp+/C+1MBiEytaYfrCTY=",
        "owner": "NixOS",
        "repo": "nixpkgs",
        "rev": "2f9e2f85cb14a46410a1399aa9ea7ecf433e422e",
        "type": "github"
      },
      "original": {
        "owner": "NixOS",
        "ref": "nixpkgs-unstable",
        "repo": "nixpkgs",
        "type": "github"
      }
    },
    "nixpkgs_2": {
      "locked": {
        "lastModified": 1736701207,
        "narHash": "sha256-jG/+MvjVY7SlTakzZ2fJ5dC3V1PrKKrUEOEE30jrOKA=",
        "owner": "NixOS",
        "repo": "nixpkgs",
        "rev": "ed4a395ea001367c1f13d34b1e01aa10290f67d6",
        "type": "github"
      },
      "original": {
        "owner": "NixOS",
        "ref": "nixos-unstable",
        "repo": "nixpkgs",
        "type": "github"
      }
    },
    "nvim-scissors": {
      "flake": false,
      "locked": {
        "lastModified": 1736681315,
        "narHash": "sha256-myCMr+9VUA+kFqoVeZsxoL6lHTM5j4oVY0Z3FvPwfmQ=",
        "owner": "chrisgrieser",
        "repo": "nvim-scissors",
        "rev": "12d9f282b67525bb766c6fe33317caf25a19c86a",
        "type": "github"
      },
      "original": {
        "owner": "chrisgrieser",
        "repo": "nvim-scissors",
        "type": "github"
      }
    },
    "nvim-window": {
      "flake": false,
      "locked": {
        "lastModified": 1730733983,
        "narHash": "sha256-hXKvz2WnXm+Sf3+rHj575yrkjJX2irhhu/AxEPtjKrg=",
        "owner": "yorickpeterse",
        "repo": "nvim-window",
        "rev": "d85cbffc5e5b6b6cc2926ef69a8f9fa2b28cef56",
        "type": "github"
      },
      "original": {
        "owner": "yorickpeterse",
        "repo": "nvim-window",
        "type": "github"
      }
    },
    "root": {
      "inputs": {
        "blink-cmp-dictionary": "blink-cmp-dictionary",
        "flake-parts": "flake-parts",
        "neovim-nightly-overlay": "neovim-nightly-overlay",
        "nixpkgs": "nixpkgs_2",
        "nvim-scissors": "nvim-scissors",
        "nvim-window": "nvim-window",
        "tailwindcss-colorizer-cmp-nvim": "tailwindcss-colorizer-cmp-nvim",
        "telescope-alternate": "telescope-alternate",
        "telescope-env-nvim": "telescope-env-nvim",
        "telescope-heading-nvim": "telescope-heading-nvim",
        "telescope-lazy-nvim": "telescope-lazy-nvim",
        "telescope-luasnip-nvim": "telescope-luasnip-nvim",
        "telescope-node-modules-nvim": "telescope-node-modules-nvim",
        "ts-node-action": "ts-node-action",
        "vim-mkdir": "vim-mkdir"
      }
    },
    "tailwindcss-colorizer-cmp-nvim": {
      "flake": false,
      "locked": {
        "lastModified": 1711194583,
        "narHash": "sha256-PIkfJzLt001TojAnE/rdRhgVEwSvCvUJm/vNPLSWjpY=",
        "owner": "roobert",
        "repo": "tailwindcss-colorizer-cmp.nvim",
        "rev": "3d3cd95e4a4135c250faf83dd5ed61b8e5502b86",
        "type": "github"
      },
      "original": {
        "owner": "roobert",
        "repo": "tailwindcss-colorizer-cmp.nvim",
        "type": "github"
      }
    },
    "telescope-alternate": {
      "flake": false,
      "locked": {
        "lastModified": 1713211208,
        "narHash": "sha256-oit93iNRGlQhKAgsy0JgaJLkf+1miDhi3XjzE39gx7g=",
        "owner": "otavioschwanck",
        "repo": "telescope-alternate",
        "rev": "2efa87d99122ee1abe8ada1a50304180a1802c34",
        "type": "github"
      },
      "original": {
        "owner": "otavioschwanck",
        "repo": "telescope-alternate",
        "type": "github"
      }
    },
    "telescope-env-nvim": {
      "flake": false,
      "locked": {
        "lastModified": 1671119502,
        "narHash": "sha256-gwpheCuMOSfRf9A5nHAOrb0S6GHQE3we9QAa6ri2XaQ=",
        "owner": "LinArcX",
        "repo": "telescope-env.nvim",
        "rev": "00a703cc7b713cdda0a981d88fddf3ce25502af5",
        "type": "github"
      },
      "original": {
        "owner": "LinArcX",
        "repo": "telescope-env.nvim",
        "type": "github"
      }
    },
    "telescope-heading-nvim": {
      "flake": false,
      "locked": {
        "lastModified": 1718109830,
        "narHash": "sha256-29nSqK4sWI3m5hHviGBfiSN/GPh8oXGiYrrTmN2okRk=",
        "owner": "crispgm",
        "repo": "telescope-heading.nvim",
        "rev": "e85c0f69cb64048f56e76548dcb2f10277576df9",
        "type": "github"
      },
      "original": {
        "owner": "crispgm",
        "repo": "telescope-heading.nvim",
        "type": "github"
      }
    },
    "telescope-lazy-nvim": {
      "flake": false,
      "locked": {
        "lastModified": 1731094449,
        "narHash": "sha256-jAe07086TQvWB2MLOjlwTw25E97GIDSQDqhesu+t62s=",
        "owner": "tsakirist",
        "repo": "telescope-lazy.nvim",
        "rev": "810f7859c98e88b9c4e45de16cb5317207c9b3e8",
        "type": "github"
      },
      "original": {
        "owner": "tsakirist",
        "repo": "telescope-lazy.nvim",
        "type": "github"
      }
    },
    "telescope-luasnip-nvim": {
      "flake": false,
      "locked": {
        "lastModified": 1734145237,
        "narHash": "sha256-9XsV2hPjt05q+y5FiSbKYYXnznDKYOsDwsVmfskYd3M=",
        "owner": "benfowler",
        "repo": "telescope-luasnip.nvim",
        "rev": "07a2a2936a7557404c782dba021ac0a03165b343",
        "type": "github"
      },
      "original": {
        "owner": "benfowler",
        "repo": "telescope-luasnip.nvim",
        "type": "github"
      }
    },
    "telescope-node-modules-nvim": {
      "flake": false,
      "locked": {
        "lastModified": 1651890876,
        "narHash": "sha256-MaYGGFdmqLmbBg1a/lE9OIgVyanIu3/xi1lXCez04NE=",
        "owner": "nvim-telescope",
        "repo": "telescope-node-modules.nvim",
        "rev": "b846d33ff5763176dc14fc74c30941a2067c82fd",
        "type": "github"
      },
      "original": {
        "owner": "nvim-telescope",
        "repo": "telescope-node-modules.nvim",
        "type": "github"
      }
    },
    "treefmt-nix": {
      "inputs": {
        "nixpkgs": [
          "neovim-nightly-overlay",
          "nixpkgs"
        ]
      },
      "locked": {
        "lastModified": 1736154270,
        "narHash": "sha256-p2r8xhQZ3TYIEKBoiEhllKWQqWNJNoT9v64Vmg4q8Zw=",
        "owner": "numtide",
        "repo": "treefmt-nix",
        "rev": "13c913f5deb3a5c08bb810efd89dc8cb24dd968b",
        "type": "github"
      },
      "original": {
        "owner": "numtide",
        "repo": "treefmt-nix",
        "type": "github"
      }
    },
    "ts-node-action": {
      "flake": false,
      "locked": {
        "lastModified": 1735501714,
        "narHash": "sha256-f1TIAs1s1P+C5tVwvswK1vAkglbGYCZ2n5xXznyD+v8=",
        "owner": "CKolkey",
        "repo": "ts-node-action",
        "rev": "7b41b88b410cd45cd610bca74214574299ce0d61",
        "type": "github"
      },
      "original": {
        "owner": "CKolkey",
        "repo": "ts-node-action",
        "type": "github"
      }
    },
    "vim-mkdir": {
      "flake": false,
      "locked": {
        "lastModified": 1556560885,
        "narHash": "sha256-3GZFp6Q6ZM48b4Qxy3BpsMGI9K9vmIsvZ53R6niw4k4=",
        "owner": "pbrisbin",
        "repo": "vim-mkdir",
        "rev": "f0ba7a7dc190a0cedf1d827958c99f3718109cf0",
        "type": "github"
      },
      "original": {
        "owner": "pbrisbin",
        "repo": "vim-mkdir",
        "type": "github"
      }
    }
  },
  "root": "root",
  "version": 7
}
